<?xml version="1.0" encoding="utf-8"?>
<Project ToolsVersion="4.0" xmlns="http://schemas.microsoft.com/developer/msbuild/2003">
  <ItemGroup>
    <Filter Include="Source Files">
      <UniqueIdentifier>{4FC737F1-C7A5-4376-A066-2A32D752A2FF}</UniqueIdentifier>
      <Extensions>cpp;c;cc;cxx;def;odl;idl;hpj;bat;asm;asmx</Extensions>
    </Filter>
    <Filter Include="Header Files">
      <UniqueIdentifier>{93995380-89BD-4b04-88EB-625FBE52EBFB}</UniqueIdentifier>
      <Extensions>h;hh;hpp;hxx;hm;inl;inc;xsd</Extensions>
    </Filter>
    <Filter Include="Resource Files">
      <UniqueIdentifier>{67DA6AB6-F800-4c08-8B7A-83BB121AAD01}</UniqueIdentifier>
      <Extensions>rc;ico;cur;bmp;dlg;rc2;rct;bin;rgs;gif;jpg;jpeg;jpe;resx;tiff;tif;png;wav</Extensions>
    </Filter>
  </ItemGroup>
  <ItemGroup>
    <ClInclude Include="include\display\CLmgLibrary\plugins\add_fileformat.h">
      <Filter>Header Files</Filter>
    </ClInclude>
    <ClInclude Include="include\display\CLmgLibrary\plugins\bayer.h">
      <Filter>Header Files</Filter>
    </ClInclude>
    <ClInclude Include="include\display\CLmgLibrary\plugins\chlpca.h">
      <Filter>Header Files</Filter>
    </ClInclude>
    <ClInclude Include="include\display\CLmgLibrary\plugins\cvMat.h">
      <Filter>Header Files</Filter>
    </ClInclude>
    <ClInclude Include="include\display\CLmgLibrary\plugins\draw_gradient.h">
      <Filter>Header Files</Filter>
    </ClInclude>
    <ClInclude Include="include\display\CLmgLibrary\plugins\inpaint.h">
      <Filter>Header Files</Filter>
    </ClInclude>
    <ClInclude Include="include\display\CLmgLibrary\plugins\ipl.h">
      <Filter>Header Files</Filter>
    </ClInclude>
    <ClInclude Include="include\display\CLmgLibrary\plugins\ipl_alt.h">
      <Filter>Header Files</Filter>
    </ClInclude>
    <ClInclude Include="include\display\CLmgLibrary\plugins\jpeg_buffer.h">
      <Filter>Header Files</Filter>
    </ClInclude>
    <ClInclude Include="include\display\CLmgLibrary\plugins\loop_macros.h">
      <Filter>Header Files</Filter>
    </ClInclude>
    <ClInclude Include="include\display\CLmgLibrary\plugins\matlab.h">
      <Filter>Header Files</Filter>
    </ClInclude>
    <ClInclude Include="include\display\CLmgLibrary\plugins\nlmeans.h">
      <Filter>Header Files</Filter>
    </ClInclude>
    <ClInclude Include="include\display\CLmgLibrary\plugins\skeleton.h">
      <Filter>Header Files</Filter>
    </ClInclude>
    <ClInclude Include="include\display\CLmgLibrary\plugins\tiff_stream.h">
      <Filter>Header Files</Filter>
    </ClInclude>
    <ClInclude Include="include\display\CLmgLibrary\plugins\tinymatwriter.h">
      <Filter>Header Files</Filter>
    </ClInclude>
    <ClInclude Include="include\display\CLmgLibrary\plugins\vrml.h">
      <Filter>Header Files</Filter>
    </ClInclude>
    <ClInclude Include="include\display\CLmgLibrary\plugins\vtk.h">
      <Filter>Header Files</Filter>
    </ClInclude>
    <ClInclude Include="include\display\CLmgLibrary\CImg.h">
      <Filter>Header Files</Filter>
    </ClInclude>
    <ClInclude Include="include\display\display.h">
      <Filter>Header Files</Filter>
    </ClInclude>
    <ClInclude Include="include\display\UI.h">
      <Filter>Header Files</Filter>
    </ClInclude>
    <ClInclude Include="include\steg\convertPPM.h">
      <Filter>Header Files</Filter>
    </ClInclude>
    <ClInclude Include="include\steg\stegPPM.h">
      <Filter>Header Files</Filter>
    </ClInclude>
    <ClInclude Include="include\enigma\enigmaSystem.h">
      <Filter>Header Files</Filter>
    </ClInclude>
    <ClInclude Include="include\rc4\rc4menu.h">
      <Filter>Header Files</Filter>
    </ClInclude>
    <ClInclude Include="include\rc4\rc4system.h">
      <Filter>Header Files</Filter>
    </ClInclude>
    <ClInclude Include="include\rsa\rsaSystem.h">
      <Filter>Header Files</Filter>
    </ClInclude>
    <ClInclude Include="include\enigma\systembackup.h">
      <Filter>Header Files</Filter>
    </ClInclude>
    <ClInclude Include="include\enigma\enigmaMain.h">
      <Filter>Header Files</Filter>
    </ClInclude>
  </ItemGroup>
  <ItemGroup>
    <Image Include="include\display\howitwork.bmp">
      <Filter>Resource Files</Filter>
    </Image>
  </ItemGroup>
  <ItemGroup>
    <None Include="include\display\CLmgLibrary\resources\compile_win_icl.bat">
      <Filter>Source Files</Filter>
    </None>
    <None Include="include\display\CLmgLibrary\resources\compile_win_visualcpp.bat">
      <Filter>Source Files</Filter>
    </None>
    <None Include="include\display\CLmgLibrary\resources\pycimg.py" />
  </ItemGroup>
  <ItemGroup>
    <ClCompile Include="src\rc4menu.cpp">
      <Filter>Source Files</Filter>
    </ClCompile>
    <ClCompile Include="src\rc4system.cpp">
      <Filter>Source Files</Filter>
    </ClCompile>
    <ClCompile Include="src\UI.cpp">
      <Filter>Source Files</Filter>
    </ClCompile>
    <ClCompile Include="src\main.cpp">
      <Filter>Source Files</Filter>
    </ClCompile>
    <ClCompile Include="src\stegPPM.cpp">
      <Filter>Source Files</Filter>
    </ClCompile>
    <ClCompile Include="src\convertPPM.cpp">
      <Filter>Source Files</Filter>
    </ClCompile>
    <ClCompile Include="include\steg\stegMain.h">
      <Filter>Source Files</Filter>
    </ClCompile>
    <ClCompile Include="include\rc4\rc4Main.h">
      <Filter>Source Files</Filter>
    </ClCompile>
    <ClCompile Include="src\enigma.cpp">
      <Filter>Source Files</Filter>
    </ClCompile>
    <ClCompile Include="src\enigmaSystem.cpp">
      <Filter>Source Files</Filter>
    </ClCompile>
    <ClCompile Include="src\steg.cpp">
      <Filter>Source Files</Filter>
    </ClCompile>
    <ClCompile Include="src\rc4.cpp">
      <Filter>Source Files</Filter>
    </ClCompile>
    <ClCompile Include="src\rsa.cpp">
      <Filter>Source Files</Filter>
    </ClCompile>
  </ItemGroup>
</Project>