<?xml version="1.0" encoding="utf-8"?>
<Project ToolsVersion="4.0" xmlns="http://schemas.microsoft.com/developer/msbuild/2003">
  <ItemGroup>
    <Filter Include="Source Files">
      <UniqueIdentifier>{4FC737F1-C7A5-4376-A066-2A32D752A2FF}</UniqueIdentifier>
      <Extensions>cpp;c;cc;cxx;def;odl;idl;hpj;bat;asm;asmx</Extensions>
    </Filter>
    <Filter Include="Header Files">
      <UniqueIdentifier>{93995380-89BD-4b04-88EB-625FBE52EBFB}</UniqueIdentifier>
      <Extensions>h;hh;hpp;hxx;hm;inl;inc;xsd</Extensions>
    </Filter>
    <Filter Include="Resource Files">
      <UniqueIdentifier>{67DA6AB6-F800-4c08-8B7A-83BB121AAD01}</UniqueIdentifier>
      <Extensions>rc;ico;cur;bmp;dlg;rc2;rct;bin;rgs;gif;jpg;jpeg;jpe;resx;tiff;tif;png;wav</Extensions>
    </Filter>
  </ItemGroup>
  <ItemGroup>
    <ClCompile Include="src\enigma.cpp">
      <Filter>Source Files</Filter>
    </ClCompile>
    <ClCompile Include="src\rc4.cpp">
      <Filter>Source Files</Filter>
    </ClCompile>
    <ClCompile Include="src\rsa.cpp">
      <Filter>Source Files</Filter>
    </ClCompile>
    <ClCompile Include="src\steganography.cpp">
      <Filter>Source Files</Filter>
    </ClCompile>
  </ItemGroup>
  <ItemGroup>
    <ClInclude Include="include\stegPPM.h">
      <Filter>Header Files</Filter>
    </ClInclude>
    <ClInclude Include="include\system.h">
      <Filter>Header Files</Filter>
    </ClInclude>
    <ClInclude Include="include\systembackup.h">
      <Filter>Header Files</Filter>
    </ClInclude>
    <ClInclude Include="include\display\CLmgLibrary\plugins\add_fileformat.h">
      <Filter>Header Files</Filter>
    </ClInclude>
    <ClInclude Include="include\display\CLmgLibrary\plugins\bayer.h">
      <Filter>Header Files</Filter>
    </ClInclude>
    <ClInclude Include="include\display\CLmgLibrary\plugins\chlpca.h">
      <Filter>Header Files</Filter>
    </ClInclude>
    <ClInclude Include="include\display\CLmgLibrary\plugins\cvMat.h">
      <Filter>Header Files</Filter>
    </ClInclude>
    <ClInclude Include="include\display\CLmgLibrary\plugins\draw_gradient.h">
      <Filter>Header Files</Filter>
    </ClInclude>
    <ClInclude Include="include\display\CLmgLibrary\plugins\inpaint.h">
      <Filter>Header Files</Filter>
    </ClInclude>
    <ClInclude Include="include\display\CLmgLibrary\plugins\ipl.h">
      <Filter>Header Files</Filter>
    </ClInclude>
    <ClInclude Include="include\display\CLmgLibrary\plugins\ipl_alt.h">
      <Filter>Header Files</Filter>
    </ClInclude>
    <ClInclude Include="include\display\CLmgLibrary\plugins\jpeg_buffer.h">
      <Filter>Header Files</Filter>
    </ClInclude>
    <ClInclude Include="include\display\CLmgLibrary\plugins\loop_macros.h">
      <Filter>Header Files</Filter>
    </ClInclude>
    <ClInclude Include="include\display\CLmgLibrary\plugins\matlab.h">
      <Filter>Header Files</Filter>
    </ClInclude>
    <ClInclude Include="include\display\CLmgLibrary\plugins\nlmeans.h">
      <Filter>Header Files</Filter>
    </ClInclude>
    <ClInclude Include="include\display\CLmgLibrary\plugins\skeleton.h">
      <Filter>Header Files</Filter>
    </ClInclude>
    <ClInclude Include="include\display\CLmgLibrary\plugins\tiff_stream.h">
      <Filter>Header Files</Filter>
    </ClInclude>
    <ClInclude Include="include\display\CLmgLibrary\plugins\tinymatwriter.h">
      <Filter>Header Files</Filter>
    </ClInclude>
    <ClInclude Include="include\display\CLmgLibrary\plugins\vrml.h">
      <Filter>Header Files</Filter>
    </ClInclude>
    <ClInclude Include="include\display\CLmgLibrary\plugins\vtk.h">
      <Filter>Header Files</Filter>
    </ClInclude>
    <ClInclude Include="include\display\CLmgLibrary\CImg.h">
      <Filter>Header Files</Filter>
    </ClInclude>
    <ClInclude Include="include\display\display.h">
      <Filter>Header Files</Filter>
    </ClInclude>
    <ClInclude Include="lib\jpeglib\cderror.h">
      <Filter>Header Files</Filter>
    </ClInclude>
    <ClInclude Include="lib\jpeglib\cdjpeg.h">
      <Filter>Header Files</Filter>
    </ClInclude>
    <ClInclude Include="lib\jpeglib\jconfig.h">
      <Filter>Header Files</Filter>
    </ClInclude>
    <ClInclude Include="lib\jpeglib\jdct.h">
      <Filter>Header Files</Filter>
    </ClInclude>
    <ClInclude Include="lib\jpeglib\jerror.h">
      <Filter>Header Files</Filter>
    </ClInclude>
    <ClInclude Include="lib\jpeglib\jinclude.h">
      <Filter>Header Files</Filter>
    </ClInclude>
    <ClInclude Include="lib\jpeglib\jmemsys.h">
      <Filter>Header Files</Filter>
    </ClInclude>
    <ClInclude Include="lib\jpeglib\jmorecfg.h">
      <Filter>Header Files</Filter>
    </ClInclude>
    <ClInclude Include="lib\jpeglib\jpegint.h">
      <Filter>Header Files</Filter>
    </ClInclude>
    <ClInclude Include="lib\jpeglib\jpeglib.h">
      <Filter>Header Files</Filter>
    </ClInclude>
    <ClInclude Include="lib\jpeglib\jversion.h">
      <Filter>Header Files</Filter>
    </ClInclude>
    <ClInclude Include="lib\jpeglib\transupp.h">
      <Filter>Header Files</Filter>
    </ClInclude>
    <ClInclude Include="include\convertFile.h">
      <Filter>Header Files</Filter>
    </ClInclude>
  </ItemGroup>
  <ItemGroup>
    <Image Include="include\display\howitwork.bmp">
      <Filter>Resource Files</Filter>
    </Image>
  </ItemGroup>
</Project>